
Microsoft Visual Studio Solution File, Format Version 12.00
# Visual Studio Version 17
VisualStudioVersion = 17.9.34714.143
MinimumVisualStudioVersion = 10.0.40219.1
Project("{FAE04EC0-301F-11D3-BF4B-00C04F79EFBC}") = "PercobaanApi1PostgreSQL", "PercobaanApi1PostgreSQL\PercobaanApi1PostgreSQL.csproj", "{701F7E37-39AB-4FF2-BE3D-413299AA7436}"
EndProject
Global
	GlobalSection(SolutionConfigurationPlatforms) = preSolution
		Debug|Any CPU = Debug|Any CPU
		Release|Any CPU = Release|Any CPU
	EndGlobalSection
	GlobalSection(ProjectConfigurationPlatforms) = postSolution
		{701F7E37-39AB-4FF2-BE3D-413299AA7436}.Debug|Any CPU.ActiveCfg = Debug|Any CPU
		{701F7E37-39AB-4FF2-BE3D-413299AA7436}.Debug|Any CPU.Build.0 = Debug|Any CPU
		{701F7E37-39AB-4FF2-BE3D-413299AA7436}.Release|Any CPU.ActiveCfg = Release|Any CPU
		{701F7E37-39AB-4FF2-BE3D-413299AA7436}.Release|Any CPU.Build.0 = Release|Any CPU
	EndGlobalSection
	GlobalSection(SolutionProperties) = preSolution
		HideSolutionNode = FALSE
	EndGlobalSection
	GlobalSection(ExtensibilityGlobals) = postSolution
		SolutionGuid = {37C9861A-54CC-46DE-AF76-3F0FC3B65B42}
	EndGlobalSection
EndGlobal
